
Microsoft Visual Studio Solution File, Format Version 12.00
# Visual Studio Version 17
VisualStudioVersion = 17.9.34622.214
MinimumVisualStudioVersion = 10.0.40219.1
Project("{FAE04EC0-301F-11D3-BF4B-00C04F79EFBC}") = "BluetoothArduino", "BluetoothArduino\BluetoothArduino.csproj", "{E7A6FFC7-3861-4656-BA7A-5997A724CD58}"
EndProject
Global
	GlobalSection(SolutionConfigurationPlatforms) = preSolution
		Debug|Any CPU = Debug|Any CPU
		Release|Any CPU = Release|Any CPU
	EndGlobalSection
	GlobalSection(ProjectConfigurationPlatforms) = postSolution
		{E7A6FFC7-3861-4656-BA7A-5997A724CD58}.Debug|Any CPU.ActiveCfg = Debug|Any CPU
		{E7A6FFC7-3861-4656-BA7A-5997A724CD58}.Debug|Any CPU.Build.0 = Debug|Any CPU
		{E7A6FFC7-3861-4656-BA7A-5997A724CD58}.Release|Any CPU.ActiveCfg = Release|Any CPU
		{E7A6FFC7-3861-4656-BA7A-5997A724CD58}.Release|Any CPU.Build.0 = Release|Any CPU
	EndGlobalSection
	GlobalSection(SolutionProperties) = preSolution
		HideSolutionNode = FALSE
	EndGlobalSection
	GlobalSection(ExtensibilityGlobals) = postSolution
		SolutionGuid = {1CB93D3B-8650-4CB8-BD18-5AB87E9E77E6}
	EndGlobalSection
EndGlobal
